
Microsoft Visual Studio Solution File, Format Version 12.00
# Visual Studio Version 16
VisualStudioVersion = 16.0.30406.217
MinimumVisualStudioVersion = 10.0.40219.1
Project("{FAE04EC0-301F-11D3-BF4B-00C04F79EFBC}") = "Pockit", "Pockit\Pockit.csproj", "{D7108CA4-A07A-4B4B-89AD-F3EFAA6F42A8}"
EndProject
Project("{9A19103F-16F7-4668-BE54-9A1E7A4F7556}") = "Pockit.Functions", "Pockit.Functions\Pockit.Functions.csproj", "{9EF40303-0E1C-48AC-8896-A6FD0FCAE3BA}"
EndProject
Project("{9A19103F-16F7-4668-BE54-9A1E7A4F7556}") = "Pockit.Core", "Pockit.Core\Pockit.Core.csproj", "{2E80EB52-130C-47DB-B5E3-335612E5A2BC}"
EndProject
Project("{FAE04EC0-301F-11D3-BF4B-00C04F79EFBC}") = "Pockit.Core.Tests", "Pockit.Core.Tests\Pockit.Core.Tests.csproj", "{EC2C5FE8-3CC2-42EA-AF4C-C994953FD663}"
EndProject
Global
	GlobalSection(SolutionConfigurationPlatforms) = preSolution
		Debug|Any CPU = Debug|Any CPU
		Release|Any CPU = Release|Any CPU
	EndGlobalSection
	GlobalSection(ProjectConfigurationPlatforms) = postSolution
		{D7108CA4-A07A-4B4B-89AD-F3EFAA6F42A8}.Debug|Any CPU.ActiveCfg = Debug|Any CPU
		{D7108CA4-A07A-4B4B-89AD-F3EFAA6F42A8}.Debug|Any CPU.Build.0 = Debug|Any CPU
		{D7108CA4-A07A-4B4B-89AD-F3EFAA6F42A8}.Debug|Any CPU.Deploy.0 = Debug|Any CPU
		{D7108CA4-A07A-4B4B-89AD-F3EFAA6F42A8}.Release|Any CPU.ActiveCfg = Release|Any CPU
		{D7108CA4-A07A-4B4B-89AD-F3EFAA6F42A8}.Release|Any CPU.Build.0 = Release|Any CPU
		{D7108CA4-A07A-4B4B-89AD-F3EFAA6F42A8}.Release|Any CPU.Deploy.0 = Release|Any CPU
		{9EF40303-0E1C-48AC-8896-A6FD0FCAE3BA}.Debug|Any CPU.ActiveCfg = Debug|Any CPU
		{9EF40303-0E1C-48AC-8896-A6FD0FCAE3BA}.Debug|Any CPU.Build.0 = Debug|Any CPU
		{9EF40303-0E1C-48AC-8896-A6FD0FCAE3BA}.Release|Any CPU.ActiveCfg = Release|Any CPU
		{9EF40303-0E1C-48AC-8896-A6FD0FCAE3BA}.Release|Any CPU.Build.0 = Release|Any CPU
		{2E80EB52-130C-47DB-B5E3-335612E5A2BC}.Debug|Any CPU.ActiveCfg = Debug|Any CPU
		{2E80EB52-130C-47DB-B5E3-335612E5A2BC}.Debug|Any CPU.Build.0 = Debug|Any CPU
		{2E80EB52-130C-47DB-B5E3-335612E5A2BC}.Release|Any CPU.ActiveCfg = Release|Any CPU
		{2E80EB52-130C-47DB-B5E3-335612E5A2BC}.Release|Any CPU.Build.0 = Release|Any CPU
		{EC2C5FE8-3CC2-42EA-AF4C-C994953FD663}.Debug|Any CPU.ActiveCfg = Debug|Any CPU
		{EC2C5FE8-3CC2-42EA-AF4C-C994953FD663}.Debug|Any CPU.Build.0 = Debug|Any CPU
		{EC2C5FE8-3CC2-42EA-AF4C-C994953FD663}.Release|Any CPU.ActiveCfg = Release|Any CPU
		{EC2C5FE8-3CC2-42EA-AF4C-C994953FD663}.Release|Any CPU.Build.0 = Release|Any CPU
	EndGlobalSection
	GlobalSection(SolutionProperties) = preSolution
		HideSolutionNode = FALSE
	EndGlobalSection
	GlobalSection(ExtensibilityGlobals) = postSolution
		SolutionGuid = {D02A4FB1-6F9F-4FD8-99B6-A89B5279AEE7}
	EndGlobalSection
EndGlobal
